
Microsoft Visual Studio Solution File, Format Version 12.00
# Visual Studio Version 17
VisualStudioVersion = 17.8.34330.188
MinimumVisualStudioVersion = 10.0.40219.1
Project("{FAE04EC0-301F-11D3-BF4B-00C04F79EFBC}") = "GYM APP", "GYM APP\GYM APP.csproj", "{7B9B378B-6BD2-4A79-80E2-D31C4CEB3706}"
EndProject
Project("{FAE04EC0-301F-11D3-BF4B-00C04F79EFBC}") = "BLL", "BLL\BLL.csproj", "{3B5AC7CC-DD84-491A-9980-9E14413D595B}"
EndProject
Project("{FAE04EC0-301F-11D3-BF4B-00C04F79EFBC}") = "Models", "Models\Models.csproj", "{F323E13F-8957-4333-B6B6-DBCC04827B9A}"
EndProject
Project("{FAE04EC0-301F-11D3-BF4B-00C04F79EFBC}") = "admin", "admin\admin.csproj", "{91C1648B-4762-4983-A8F7-7C83514D79D9}"
EndProject
Project("{FAE04EC0-301F-11D3-BF4B-00C04F79EFBC}") = "DAL", "DAL\DAL.csproj", "{FFD54B05-82D7-41D1-BBAF-2756157CCBB9}"
EndProject
Global
	GlobalSection(SolutionConfigurationPlatforms) = preSolution
		Debug|Any CPU = Debug|Any CPU
		Release|Any CPU = Release|Any CPU
	EndGlobalSection
	GlobalSection(ProjectConfigurationPlatforms) = postSolution
		{7B9B378B-6BD2-4A79-80E2-D31C4CEB3706}.Debug|Any CPU.ActiveCfg = Debug|Any CPU
		{7B9B378B-6BD2-4A79-80E2-D31C4CEB3706}.Debug|Any CPU.Build.0 = Debug|Any CPU
		{7B9B378B-6BD2-4A79-80E2-D31C4CEB3706}.Release|Any CPU.ActiveCfg = Release|Any CPU
		{7B9B378B-6BD2-4A79-80E2-D31C4CEB3706}.Release|Any CPU.Build.0 = Release|Any CPU
		{3B5AC7CC-DD84-491A-9980-9E14413D595B}.Debug|Any CPU.ActiveCfg = Debug|Any CPU
		{3B5AC7CC-DD84-491A-9980-9E14413D595B}.Debug|Any CPU.Build.0 = Debug|Any CPU
		{3B5AC7CC-DD84-491A-9980-9E14413D595B}.Release|Any CPU.ActiveCfg = Release|Any CPU
		{3B5AC7CC-DD84-491A-9980-9E14413D595B}.Release|Any CPU.Build.0 = Release|Any CPU
		{F323E13F-8957-4333-B6B6-DBCC04827B9A}.Debug|Any CPU.ActiveCfg = Debug|Any CPU
		{F323E13F-8957-4333-B6B6-DBCC04827B9A}.Debug|Any CPU.Build.0 = Debug|Any CPU
		{F323E13F-8957-4333-B6B6-DBCC04827B9A}.Release|Any CPU.ActiveCfg = Release|Any CPU
		{F323E13F-8957-4333-B6B6-DBCC04827B9A}.Release|Any CPU.Build.0 = Release|Any CPU
		{91C1648B-4762-4983-A8F7-7C83514D79D9}.Debug|Any CPU.ActiveCfg = Debug|Any CPU
		{91C1648B-4762-4983-A8F7-7C83514D79D9}.Debug|Any CPU.Build.0 = Debug|Any CPU
		{91C1648B-4762-4983-A8F7-7C83514D79D9}.Release|Any CPU.ActiveCfg = Release|Any CPU
		{91C1648B-4762-4983-A8F7-7C83514D79D9}.Release|Any CPU.Build.0 = Release|Any CPU
		{FFD54B05-82D7-41D1-BBAF-2756157CCBB9}.Debug|Any CPU.ActiveCfg = Debug|Any CPU
		{FFD54B05-82D7-41D1-BBAF-2756157CCBB9}.Debug|Any CPU.Build.0 = Debug|Any CPU
		{FFD54B05-82D7-41D1-BBAF-2756157CCBB9}.Release|Any CPU.ActiveCfg = Release|Any CPU
		{FFD54B05-82D7-41D1-BBAF-2756157CCBB9}.Release|Any CPU.Build.0 = Release|Any CPU
	EndGlobalSection
	GlobalSection(SolutionProperties) = preSolution
		HideSolutionNode = FALSE
	EndGlobalSection
	GlobalSection(ExtensibilityGlobals) = postSolution
		SolutionGuid = {5AAAF5B2-93B6-4CEC-A202-03078C55747A}
	EndGlobalSection
EndGlobal
